
Microsoft Visual Studio Solution File, Format Version 12.00
# Visual Studio 15
VisualStudioVersion = 15.0.26430.14
MinimumVisualStudioVersion = 10.0.40219.1
Project("{FAE04EC0-301F-11D3-BF4B-00C04F79EFBC}") = "car_physics", "car_physics\car_physics.csproj", "{3BBD9249-4B44-4189-B18D-6A77B0A60101}"
EndProject
Global
	GlobalSection(SolutionConfigurationPlatforms) = preSolution
		Debug|Any CPU = Debug|Any CPU
		Release|Any CPU = Release|Any CPU
	EndGlobalSection
	GlobalSection(ProjectConfigurationPlatforms) = postSolution
		{3BBD9249-4B44-4189-B18D-6A77B0A60101}.Debug|Any CPU.ActiveCfg = Debug|Any CPU
		{3BBD9249-4B44-4189-B18D-6A77B0A60101}.Debug|Any CPU.Build.0 = Debug|Any CPU
		{3BBD9249-4B44-4189-B18D-6A77B0A60101}.Release|Any CPU.ActiveCfg = Release|Any CPU
		{3BBD9249-4B44-4189-B18D-6A77B0A60101}.Release|Any CPU.Build.0 = Release|Any CPU
	EndGlobalSection
	GlobalSection(SolutionProperties) = preSolution
		HideSolutionNode = FALSE
	EndGlobalSection
EndGlobal
